
Microsoft Visual Studio Solution File, Format Version 12.00
# Visual Studio 2012
Project("{FAE04EC0-301F-11D3-BF4B-00C04F79EFBC}") = "ACSWithToken", "ConsoleApplication6\ACSWithToken.csproj", "{8B802B32-0D49-4131-9C58-1037D205B806}"
EndProject
Global
	GlobalSection(SolutionConfigurationPlatforms) = preSolution
		Debug|Any CPU = Debug|Any CPU
		Release|Any CPU = Release|Any CPU
	EndGlobalSection
	GlobalSection(ProjectConfigurationPlatforms) = postSolution
		{8B802B32-0D49-4131-9C58-1037D205B806}.Debug|Any CPU.ActiveCfg = Debug|Any CPU
		{8B802B32-0D49-4131-9C58-1037D205B806}.Debug|Any CPU.Build.0 = Debug|Any CPU
		{8B802B32-0D49-4131-9C58-1037D205B806}.Release|Any CPU.ActiveCfg = Release|Any CPU
		{8B802B32-0D49-4131-9C58-1037D205B806}.Release|Any CPU.Build.0 = Release|Any CPU
	EndGlobalSection
	GlobalSection(SolutionProperties) = preSolution
		HideSolutionNode = FALSE
	EndGlobalSection
	GlobalSection(ExtensibilityGlobals) = postSolution
		EnterpriseLibraryConfigurationToolBinariesPath = packages\TransientFaultHandling.Core.5.1.1209.1\lib\NET4
	EndGlobalSection
EndGlobal
