
Microsoft Visual Studio Solution File, Format Version 12.00
# Visual Studio 2013
VisualStudioVersion = 12.0.30324.0
MinimumVisualStudioVersion = 10.0.40219.1
Project("{FAE04EC0-301F-11D3-BF4B-00C04F79EFBC}") = "AMSLiveStreaming", "AMSLiveStreaming\AMSLiveStreaming.csproj", "{939DBECA-F019-472B-B6CB-D4D9A458D4C1}"
EndProject
Global
	GlobalSection(SolutionConfigurationPlatforms) = preSolution
		Debug|Any CPU = Debug|Any CPU
		Release|Any CPU = Release|Any CPU
	EndGlobalSection
	GlobalSection(ProjectConfigurationPlatforms) = postSolution
		{939DBECA-F019-472B-B6CB-D4D9A458D4C1}.Debug|Any CPU.ActiveCfg = Debug|Any CPU
		{939DBECA-F019-472B-B6CB-D4D9A458D4C1}.Debug|Any CPU.Build.0 = Debug|Any CPU
		{939DBECA-F019-472B-B6CB-D4D9A458D4C1}.Release|Any CPU.ActiveCfg = Release|Any CPU
		{939DBECA-F019-472B-B6CB-D4D9A458D4C1}.Release|Any CPU.Build.0 = Release|Any CPU
	EndGlobalSection
	GlobalSection(SolutionProperties) = preSolution
		HideSolutionNode = FALSE
	EndGlobalSection
	GlobalSection(ExtensibilityGlobals) = postSolution
		EnterpriseLibraryConfigurationToolBinariesPath = packages\TransientFaultHandling.Core.5.1.1209.1\lib\NET4
	EndGlobalSection
EndGlobal
